
Microsoft Visual Studio Solution File, Format Version 12.00
# Visual Studio Version 17
VisualStudioVersion = 17.14.36511.14 d17.14
MinimumVisualStudioVersion = 10.0.40219.1
Project("{FAE04EC0-301F-11D3-BF4B-00C04F79EFBC}") = "Day03Demo1", "Day03Demo1\Day03Demo1.csproj", "{17270965-46A5-417F-BC5C-0FC40C954B35}"
EndProject
Global
	GlobalSection(SolutionConfigurationPlatforms) = preSolution
		Debug|Any CPU = Debug|Any CPU
		Release|Any CPU = Release|Any CPU
	EndGlobalSection
	GlobalSection(ProjectConfigurationPlatforms) = postSolution
		{17270965-46A5-417F-BC5C-0FC40C954B35}.Debug|Any CPU.ActiveCfg = Debug|Any CPU
		{17270965-46A5-417F-BC5C-0FC40C954B35}.Debug|Any CPU.Build.0 = Debug|Any CPU
		{17270965-46A5-417F-BC5C-0FC40C954B35}.Release|Any CPU.ActiveCfg = Release|Any CPU
		{17270965-46A5-417F-BC5C-0FC40C954B35}.Release|Any CPU.Build.0 = Release|Any CPU
	EndGlobalSection
	GlobalSection(SolutionProperties) = preSolution
		HideSolutionNode = FALSE
	EndGlobalSection
	GlobalSection(ExtensibilityGlobals) = postSolution
		SolutionGuid = {562234B7-E9D1-49A4-8A48-FC0DB82AB907}
	EndGlobalSection
EndGlobal
