
Microsoft Visual Studio Solution File, Format Version 12.00
# Visual Studio Version 17
VisualStudioVersion = 17.14.36518.9 d17.14
MinimumVisualStudioVersion = 10.0.40219.1
Project("{FAE04EC0-301F-11D3-BF4B-00C04F79EFBC}") = "NetCoreLA7", "NetCoreLA7\NetCoreLA7.csproj", "{0F1E8ACC-06C1-4A36-A4F6-D752547FA320}"
EndProject
Global
	GlobalSection(SolutionConfigurationPlatforms) = preSolution
		Debug|Any CPU = Debug|Any CPU
		Release|Any CPU = Release|Any CPU
	EndGlobalSection
	GlobalSection(ProjectConfigurationPlatforms) = postSolution
		{0F1E8ACC-06C1-4A36-A4F6-D752547FA320}.Debug|Any CPU.ActiveCfg = Debug|Any CPU
		{0F1E8ACC-06C1-4A36-A4F6-D752547FA320}.Debug|Any CPU.Build.0 = Debug|Any CPU
		{0F1E8ACC-06C1-4A36-A4F6-D752547FA320}.Release|Any CPU.ActiveCfg = Release|Any CPU
		{0F1E8ACC-06C1-4A36-A4F6-D752547FA320}.Release|Any CPU.Build.0 = Release|Any CPU
	EndGlobalSection
	GlobalSection(SolutionProperties) = preSolution
		HideSolutionNode = FALSE
	EndGlobalSection
	GlobalSection(ExtensibilityGlobals) = postSolution
		SolutionGuid = {AB56AC08-5340-4F42-8EF0-BEBFAC53AC22}
	EndGlobalSection
EndGlobal
